// !$*UTF8*$!
{
	archiveVersion = 1;
	classes = {
	};
	objectVersion = 77;
	objects = {

/* Begin PBXContainerItemProxy section */
		BEA1DB592DD4F487004A34FC /* PBXContainerItemProxy */ = {
			isa = PBXContainerItemProxy;
			containerPortal = BEA1DB412DD4F484004A34FC /* Project object */;
			proxyType = 1;
			remoteGlobalIDString = BEA1DB482DD4F484004A34FC;
			remoteInfo = "stripe-iap-demo";
		};
		BEA1DB632DD4F487004A34FC /* PBXContainerItemProxy */ = {
			isa = PBXContainerItemProxy;
			containerPortal = BEA1DB412DD4F484004A34FC /* Project object */;
			proxyType = 1;
			remoteGlobalIDString = BEA1DB482DD4F484004A34FC;
			remoteInfo = "stripe-iap-demo";
		};
/* End PBXContainerItemProxy section */

/* Begin PBXFileReference section */
		BEA1DB492DD4F484004A34FC /* stripe-iap-demo.app */ = {isa = PBXFileReference; explicitFileType = wrapper.application; includeInIndex = 0; path = "stripe-iap-demo.app"; sourceTree = BUILT_PRODUCTS_DIR; };
		BEA1DB582DD4F487004A34FC /* stripe-iap-demoTests.xctest */ = {isa = PBXFileReference; explicitFileType = wrapper.cfbundle; includeInIndex = 0; path = "stripe-iap-demoTests.xctest"; sourceTree = BUILT_PRODUCTS_DIR; };
		BEA1DB622DD4F487004A34FC /* stripe-iap-demoUITests.xctest */ = {isa = PBXFileReference; explicitFileType = wrapper.cfbundle; includeInIndex = 0; path = "stripe-iap-demoUITests.xctest"; sourceTree = BUILT_PRODUCTS_DIR; };
/* End PBXFileReference section */

/* Begin PBXFileSystemSynchronizedRootGroup section */
		BEA1DB4B2DD4F484004A34FC /* stripe-iap-demo */ = {
			isa = PBXFileSystemSynchronizedRootGroup;
			path = "stripe-iap-demo";
			sourceTree = "<group>";
		};
		BEA1DB5B2DD4F487004A34FC /* stripe-iap-demoTests */ = {
			isa = PBXFileSystemSynchronizedRootGroup;
			path = "stripe-iap-demoTests";
			sourceTree = "<group>";
		};
		BEA1DB652DD4F487004A34FC /* stripe-iap-demoUITests */ = {
			isa = PBXFileSystemSynchronizedRootGroup;
			path = "stripe-iap-demoUITests";
			sourceTree = "<group>";
		};
/* End PBXFileSystemSynchronizedRootGroup section */

/* Begin PBXFrameworksBuildPhase section */
		BEA1DB462DD4F484004A34FC /* Frameworks */ = {
			isa = PBXFrameworksBuildPhase;
			buildActionMask = 2147483647;
			files = (
			);
			runOnlyForDeploymentPostprocessing = 0;
		};
		BEA1DB552DD4F487004A34FC /* Frameworks */ = {
			isa = PBXFrameworksBuildPhase;
			buildActionMask = 2147483647;
			files = (
			);
			runOnlyForDeploymentPostprocessing = 0;
		};
		BEA1DB5F2DD4F487004A34FC /* Frameworks */ = {
			isa = PBXFrameworksBuildPhase;
			buildActionMask = 2147483647;
			files = (
			);
			runOnlyForDeploymentPostprocessing = 0;
		};
/* End PBXFrameworksBuildPhase section */

/* Begin PBXGroup section */
		BEA1DB402DD4F484004A34FC = {
			isa = PBXGroup;
			children = (
				BEA1DB4B2DD4F484004A34FC /* stripe-iap-demo */,
				BEA1DB5B2DD4F487004A34FC /* stripe-iap-demoTests */,
				BEA1DB652DD4F487004A34FC /* stripe-iap-demoUITests */,
				BEA1DB4A2DD4F484004A34FC /* Products */,
			);
			sourceTree = "<group>";
		};
		BEA1DB4A2DD4F484004A34FC /* Products */ = {
			isa = PBXGroup;
			children = (
				BEA1DB492DD4F484004A34FC /* stripe-iap-demo.app */,
				BEA1DB582DD4F487004A34FC /* stripe-iap-demoTests.xctest */,
				BEA1DB622DD4F487004A34FC /* stripe-iap-demoUITests.xctest */,
			);
			name = Products;
			sourceTree = "<group>";
		};
/* End PBXGroup section */

/* Begin PBXNativeTarget section */
		BEA1DB482DD4F484004A34FC /* stripe-iap-demo */ = {
			isa = PBXNativeTarget;
			buildConfigurationList = BEA1DB6C2DD4F487004A34FC /* Build configuration list for PBXNativeTarget "stripe-iap-demo" */;
			buildPhases = (
				BEA1DB452DD4F484004A34FC /* Sources */,
				BEA1DB462DD4F484004A34FC /* Frameworks */,
				BEA1DB472DD4F484004A34FC /* Resources */,
			);
			buildRules = (
			);
			dependencies = (
			);
			fileSystemSynchronizedGroups = (
				BEA1DB4B2DD4F484004A34FC /* stripe-iap-demo */,
			);
			name = "stripe-iap-demo";
			packageProductDependencies = (
			);
			productName = "stripe-iap-demo";
			productReference = BEA1DB492DD4F484004A34FC /* stripe-iap-demo.app */;
			productType = "com.apple.product-type.application";
		};
		BEA1DB572DD4F487004A34FC /* stripe-iap-demoTests */ = {
			isa = PBXNativeTarget;
			buildConfigurationList = BEA1DB6F2DD4F487004A34FC /* Build configuration list for PBXNativeTarget "stripe-iap-demoTests" */;
			buildPhases = (
				BEA1DB542DD4F487004A34FC /* Sources */,
				BEA1DB552DD4F487004A34FC /* Frameworks */,
				BEA1DB562DD4F487004A34FC /* Resources */,
			);
			buildRules = (
			);
			dependencies = (
				BEA1DB5A2DD4F487004A34FC /* PBXTargetDependency */,
			);
			fileSystemSynchronizedGroups = (
				BEA1DB5B2DD4F487004A34FC /* stripe-iap-demoTests */,
			);
			name = "stripe-iap-demoTests";
			packageProductDependencies = (
			);
			productName = "stripe-iap-demoTests";
			productReference = BEA1DB582DD4F487004A34FC /* stripe-iap-demoTests.xctest */;
			productType = "com.apple.product-type.bundle.unit-test";
		};
		BEA1DB612DD4F487004A34FC /* stripe-iap-demoUITests */ = {
			isa = PBXNativeTarget;
			buildConfigurationList = BEA1DB722DD4F487004A34FC /* Build configuration list for PBXNativeTarget "stripe-iap-demoUITests" */;
			buildPhases = (
				BEA1DB5E2DD4F487004A34FC /* Sources */,
				BEA1DB5F2DD4F487004A34FC /* Frameworks */,
				BEA1DB602DD4F487004A34FC /* Resources */,
			);
			buildRules = (
			);
			dependencies = (
				BEA1DB642DD4F487004A34FC /* PBXTargetDependency */,
			);
			fileSystemSynchronizedGroups = (
				BEA1DB652DD4F487004A34FC /* stripe-iap-demoUITests */,
			);
			name = "stripe-iap-demoUITests";
			packageProductDependencies = (
			);
			productName = "stripe-iap-demoUITests";
			productReference = BEA1DB622DD4F487004A34FC /* stripe-iap-demoUITests.xctest */;
			productType = "com.apple.product-type.bundle.ui-testing";
		};
/* End PBXNativeTarget section */

/* Begin PBXProject section */
		BEA1DB412DD4F484004A34FC /* Project object */ = {
			isa = PBXProject;
			attributes = {
				BuildIndependentTargetsInParallel = 1;
				LastSwiftUpdateCheck = 1630;
				LastUpgradeCheck = 1630;
				TargetAttributes = {
					BEA1DB482DD4F484004A34FC = {
						CreatedOnToolsVersion = 16.3;
					};
					BEA1DB572DD4F487004A34FC = {
						CreatedOnToolsVersion = 16.3;
						TestTargetID = BEA1DB482DD4F484004A34FC;
					};
					BEA1DB612DD4F487004A34FC = {
						CreatedOnToolsVersion = 16.3;
						TestTargetID = BEA1DB482DD4F484004A34FC;
					};
				};
			};
			buildConfigurationList = BEA1DB442DD4F484004A34FC /* Build configuration list for PBXProject "stripe-iap-demo" */;
			developmentRegion = en;
			hasScannedForEncodings = 0;
			knownRegions = (
				en,
				Base,
			);
			mainGroup = BEA1DB402DD4F484004A34FC;
			minimizedProjectReferenceProxies = 1;
			preferredProjectObjectVersion = 77;
			productRefGroup = BEA1DB4A2DD4F484004A34FC /* Products */;
			projectDirPath = "";
			projectRoot = "";
			targets = (
				BEA1DB482DD4F484004A34FC /* stripe-iap-demo */,
				BEA1DB572DD4F487004A34FC /* stripe-iap-demoTests */,
				BEA1DB612DD4F487004A34FC /* stripe-iap-demoUITests */,
			);
		};
/* End PBXProject section */

/* Begin PBXResourcesBuildPhase section */
		BEA1DB472DD4F484004A34FC /* Resources */ = {
			isa = PBXResourcesBuildPhase;
			buildActionMask = 2147483647;
			files = (
			);
			runOnlyForDeploymentPostprocessing = 0;
		};
		BEA1DB562DD4F487004A34FC /* Resources */ = {
			isa = PBXResourcesBuildPhase;
			buildActionMask = 2147483647;
			files = (
			);
			runOnlyForDeploymentPostprocessing = 0;
		};
		BEA1DB602DD4F487004A34FC /* Resources */ = {
			isa = PBXResourcesBuildPhase;
			buildActionMask = 2147483647;
			files = (
			);
			runOnlyForDeploymentPostprocessing = 0;
		};
/* End PBXResourcesBuildPhase section */

/* Begin PBXSourcesBuildPhase section */
		BEA1DB452DD4F484004A34FC /* Sources */ = {
			isa = PBXSourcesBuildPhase;
			buildActionMask = 2147483647;
			files = (
			);
			runOnlyForDeploymentPostprocessing = 0;
		};
		BEA1DB542DD4F487004A34FC /* Sources */ = {
			isa = PBXSourcesBuildPhase;
			buildActionMask = 2147483647;
			files = (
			);
			runOnlyForDeploymentPostprocessing = 0;
		};
		BEA1DB5E2DD4F487004A34FC /* Sources */ = {
			isa = PBXSourcesBuildPhase;
			buildActionMask = 2147483647;
			files = (
			);
			runOnlyForDeploymentPostprocessing = 0;
		};
/* End PBXSourcesBuildPhase section */

/* Begin PBXTargetDependency section */
		BEA1DB5A2DD4F487004A34FC /* PBXTargetDependency */ = {
			isa = PBXTargetDependency;
			target = BEA1DB482DD4F484004A34FC /* stripe-iap-demo */;
			targetProxy = BEA1DB592DD4F487004A34FC /* PBXContainerItemProxy */;
		};
		BEA1DB642DD4F487004A34FC /* PBXTargetDependency */ = {
			isa = PBXTargetDependency;
			target = BEA1DB482DD4F484004A34FC /* stripe-iap-demo */;
			targetProxy = BEA1DB632DD4F487004A34FC /* PBXContainerItemProxy */;
		};
/* End PBXTargetDependency section */

/* Begin XCBuildConfiguration section */
		BEA1DB6A2DD4F487004A34FC /* Debug */ = {
			isa = XCBuildConfiguration;
			buildSettings = {
				ALWAYS_SEARCH_USER_PATHS = NO;
				ASSETCATALOG_COMPILER_GENERATE_SWIFT_ASSET_SYMBOL_EXTENSIONS = YES;
				CLANG_ANALYZER_NONNULL = YES;
				CLANG_ANALYZER_NUMBER_OBJECT_CONVERSION = YES_AGGRESSIVE;
				CLANG_CXX_LANGUAGE_STANDARD = "gnu++20";
				CLANG_ENABLE_MODULES = YES;
				CLANG_ENABLE_OBJC_ARC = YES;
				CLANG_ENABLE_OBJC_WEAK = YES;
				CLANG_WARN_BLOCK_CAPTURE_AUTORELEASING = YES;
				CLANG_WARN_BOOL_CONVERSION = YES;
				CLANG_WARN_COMMA = YES;
				CLANG_WARN_CONSTANT_CONVERSION = YES;
				CLANG_WARN_DEPRECATED_OBJC_IMPLEMENTATIONS = YES;
				CLANG_WARN_DIRECT_OBJC_ISA_USAGE = YES_ERROR;
				CLANG_WARN_DOCUMENTATION_COMMENTS = YES;
				CLANG_WARN_EMPTY_BODY = YES;
				CLANG_WARN_ENUM_CONVERSION = YES;
				CLANG_WARN_INFINITE_RECURSION = YES;
				CLANG_WARN_INT_CONVERSION = YES;
				CLANG_WARN_NON_LITERAL_NULL_CONVERSION = YES;
				CLANG_WARN_OBJC_IMPLICIT_RETAIN_SELF = YES;
				CLANG_WARN_OBJC_LITERAL_CONVERSION = YES;
				CLANG_WARN_OBJC_ROOT_CLASS = YES_ERROR;
				CLANG_WARN_QUOTED_INCLUDE_IN_FRAMEWORK_HEADER = YES;
				CLANG_WARN_RANGE_LOOP_ANALYSIS = YES;
				CLANG_WARN_STRICT_PROTOTYPES = YES;
				CLANG_WARN_SUSPICIOUS_MOVE = YES;
				CLANG_WARN_UNGUARDED_AVAILABILITY = YES_AGGRESSIVE;
				CLANG_WARN_UNREACHABLE_CODE = YES;
				CLANG_WARN__DUPLICATE_METHOD_MATCH = YES;
				COPY_PHASE_STRIP = NO;
				DEBUG_INFORMATION_FORMAT = dwarf;
				ENABLE_STRICT_OBJC_MSGSEND = YES;
				ENABLE_TESTABILITY = YES;
				ENABLE_USER_SCRIPT_SANDBOXING = YES;
				GCC_C_LANGUAGE_STANDARD = gnu17;
				GCC_DYNAMIC_NO_PIC = NO;
				GCC_NO_COMMON_BLOCKS = YES;
				GCC_OPTIMIZATION_LEVEL = 0;
				GCC_PREPROCESSOR_DEFINITIONS = (
					"DEBUG=1",
					"$(inherited)",
				);
				GCC_WARN_64_TO_32_BIT_CONVERSION = YES;
				GCC_WARN_ABOUT_RETURN_TYPE = YES_ERROR;
				GCC_WARN_UNDECLARED_SELECTOR = YES;
				GCC_WARN_UNINITIALIZED_AUTOS = YES_AGGRESSIVE;
				GCC_WARN_UNUSED_FUNCTION = YES;
				GCC_WARN_UNUSED_VARIABLE = YES;
				IPHONEOS_DEPLOYMENT_TARGET = 18.4;
				LOCALIZATION_PREFERS_STRING_CATALOGS = YES;
				MTL_ENABLE_DEBUG_INFO = INCLUDE_SOURCE;
				MTL_FAST_MATH = YES;
				ONLY_ACTIVE_ARCH = YES;
				SDKROOT = iphoneos;
				SWIFT_ACTIVE_COMPILATION_CONDITIONS = "DEBUG $(inherited)";
				SWIFT_OPTIMIZATION_LEVEL = "-Onone";
			};
			name = Debug;
		};
		BEA1DB6B2DD4F487004A34FC /* Release */ = {
			isa = XCBuildConfiguration;
			buildSettings = {
				ALWAYS_SEARCH_USER_PATHS = NO;
				ASSETCATALOG_COMPILER_GENERATE_SWIFT_ASSET_SYMBOL_EXTENSIONS = YES;
				CLANG_ANALYZER_NONNULL = YES;
				CLANG_ANALYZER_NUMBER_OBJECT_CONVERSION = YES_AGGRESSIVE;
				CLANG_CXX_LANGUAGE_STANDARD = "gnu++20";
				CLANG_ENABLE_MODULES = YES;
				CLANG_ENABLE_OBJC_ARC = YES;
				CLANG_ENABLE_OBJC_WEAK = YES;
				CLANG_WARN_BLOCK_CAPTURE_AUTORELEASING = YES;
				CLANG_WARN_BOOL_CONVERSION = YES;
				CLANG_WARN_COMMA = YES;
				CLANG_WARN_CONSTANT_CONVERSION = YES;
				CLANG_WARN_DEPRECATED_OBJC_IMPLEMENTATIONS = YES;
				CLANG_WARN_DIRECT_OBJC_ISA_USAGE = YES_ERROR;
				CLANG_WARN_DOCUMENTATION_COMMENTS = YES;
				CLANG_WARN_EMPTY_BODY = YES;
				CLANG_WARN_ENUM_CONVERSION = YES;
				CLANG_WARN_INFINITE_RECURSION = YES;
				CLANG_WARN_INT_CONVERSION = YES;
				CLANG_WARN_NON_LITERAL_NULL_CONVERSION = YES;
				CLANG_WARN_OBJC_IMPLICIT_RETAIN_SELF = YES;
				CLANG_WARN_OBJC_LITERAL_CONVERSION = YES;
				CLANG_WARN_OBJC_ROOT_CLASS = YES_ERROR;
				CLANG_WARN_QUOTED_INCLUDE_IN_FRAMEWORK_HEADER = YES;
				CLANG_WARN_RANGE_LOOP_ANALYSIS = YES;
				CLANG_WARN_STRICT_PROTOTYPES = YES;
				CLANG_WARN_SUSPICIOUS_MOVE = YES;
				CLANG_WARN_UNGUARDED_AVAILABILITY = YES_AGGRESSIVE;
				CLANG_WARN_UNREACHABLE_CODE = YES;
				CLANG_WARN__DUPLICATE_METHOD_MATCH = YES;
				COPY_PHASE_STRIP = NO;
				DEBUG_INFORMATION_FORMAT = "dwarf-with-dsym";
				ENABLE_NS_ASSERTIONS = NO;
				ENABLE_STRICT_OBJC_MSGSEND = YES;
				ENABLE_USER_SCRIPT_SANDBOXING = YES;
				GCC_C_LANGUAGE_STANDARD = gnu17;
				GCC_NO_COMMON_BLOCKS = YES;
				GCC_WARN_64_TO_32_BIT_CONVERSION = YES;
				GCC_WARN_ABOUT_RETURN_TYPE = YES_ERROR;
				GCC_WARN_UNDECLARED_SELECTOR = YES;
				GCC_WARN_UNINITIALIZED_AUTOS = YES_AGGRESSIVE;
				GCC_WARN_UNUSED_FUNCTION = YES;
				GCC_WARN_UNUSED_VARIABLE = YES;
				IPHONEOS_DEPLOYMENT_TARGET = 18.4;
				LOCALIZATION_PREFERS_STRING_CATALOGS = YES;
				MTL_ENABLE_DEBUG_INFO = NO;
				MTL_FAST_MATH = YES;
				SDKROOT = iphoneos;
				SWIFT_COMPILATION_MODE = wholemodule;
				VALIDATE_PRODUCT = YES;
			};
			name = Release;
		};
		BEA1DB6D2DD4F487004A34FC /* Debug */ = {
			isa = XCBuildConfiguration;
			buildSettings = {
				ASSETCATALOG_COMPILER_APPICON_NAME = AppIcon;
				ASSETCATALOG_COMPILER_GLOBAL_ACCENT_COLOR_NAME = AccentColor;
				CODE_SIGN_STYLE = Automatic;
				CURRENT_PROJECT_VERSION = 1;
				ENABLE_PREVIEWS = YES;
				GENERATE_INFOPLIST_FILE = YES;
				INFOPLIST_KEY_UIApplicationSceneManifest_Generation = YES;
				INFOPLIST_KEY_UIApplicationSupportsIndirectInputEvents = YES;
				INFOPLIST_KEY_UILaunchScreen_Generation = YES;
				INFOPLIST_KEY_UISupportedInterfaceOrientations_iPad = "UIInterfaceOrientationPortrait UIInterfaceOrientationPortraitUpsideDown UIInterfaceOrientationLandscapeLeft UIInterfaceOrientationLandscapeRight";
				INFOPLIST_KEY_UISupportedInterfaceOrientations_iPhone = "UIInterfaceOrientationPortrait UIInterfaceOrientationLandscapeLeft UIInterfaceOrientationLandscapeRight";
				LD_RUNPATH_SEARCH_PATHS = (
					"$(inherited)",
					"@executable_path/Frameworks",
				);
				MARKETING_VERSION = 1.0;
				PRODUCT_BUNDLE_IDENTIFIER = "com.twjamos.stripe-iap-demo";
				PRODUCT_NAME = "$(TARGET_NAME)";
				SWIFT_EMIT_LOC_STRINGS = YES;
				SWIFT_VERSION = 5.0;
				TARGETED_DEVICE_FAMILY = "1,2";
			};
			name = Debug;
		};
		BEA1DB6E2DD4F487004A34FC /* Release */ = {
			isa = XCBuildConfiguration;
			buildSettings = {
				ASSETCATALOG_COMPILER_APPICON_NAME = AppIcon;
				ASSETCATALOG_COMPILER_GLOBAL_ACCENT_COLOR_NAME = AccentColor;
				CODE_SIGN_STYLE = Automatic;
				CURRENT_PROJECT_VERSION = 1;
				ENABLE_PREVIEWS = YES;
				GENERATE_INFOPLIST_FILE = YES;
				INFOPLIST_KEY_UIApplicationSceneManifest_Generation = YES;
				INFOPLIST_KEY_UIApplicationSupportsIndirectInputEvents = YES;
				INFOPLIST_KEY_UILaunchScreen_Generation = YES;
				INFOPLIST_KEY_UISupportedInterfaceOrientations_iPad = "UIInterfaceOrientationPortrait UIInterfaceOrientationPortraitUpsideDown UIInterfaceOrientationLandscapeLeft UIInterfaceOrientationLandscapeRight";
				INFOPLIST_KEY_UISupportedInterfaceOrientations_iPhone = "UIInterfaceOrientationPortrait UIInterfaceOrientationLandscapeLeft UIInterfaceOrientationLandscapeRight";
				LD_RUNPATH_SEARCH_PATHS = (
					"$(inherited)",
					"@executable_path/Frameworks",
				);
				MARKETING_VERSION = 1.0;
				PRODUCT_BUNDLE_IDENTIFIER = "com.twjamos.stripe-iap-demo";
				PRODUCT_NAME = "$(TARGET_NAME)";
				SWIFT_EMIT_LOC_STRINGS = YES;
				SWIFT_VERSION = 5.0;
				TARGETED_DEVICE_FAMILY = "1,2";
			};
			name = Release;
		};
		BEA1DB702DD4F487004A34FC /* Debug */ = {
			isa = XCBuildConfiguration;
			buildSettings = {
				BUNDLE_LOADER = "$(TEST_HOST)";
				CODE_SIGN_STYLE = Automatic;
				CURRENT_PROJECT_VERSION = 1;
				GENERATE_INFOPLIST_FILE = YES;
				IPHONEOS_DEPLOYMENT_TARGET = 18.4;
				MARKETING_VERSION = 1.0;
				PRODUCT_BUNDLE_IDENTIFIER = "com.twjamos.stripe-iap-demoTests";
				PRODUCT_NAME = "$(TARGET_NAME)";
				SWIFT_EMIT_LOC_STRINGS = NO;
				SWIFT_VERSION = 5.0;
				TARGETED_DEVICE_FAMILY = "1,2";
				TEST_HOST = "$(BUILT_PRODUCTS_DIR)/stripe-iap-demo.app/$(BUNDLE_EXECUTABLE_FOLDER_PATH)/stripe-iap-demo";
			};
			name = Debug;
		};
		BEA1DB712DD4F487004A34FC /* Release */ = {
			isa = XCBuildConfiguration;
			buildSettings = {
				BUNDLE_LOADER = "$(TEST_HOST)";
				CODE_SIGN_STYLE = Automatic;
				CURRENT_PROJECT_VERSION = 1;
				GENERATE_INFOPLIST_FILE = YES;
				IPHONEOS_DEPLOYMENT_TARGET = 18.4;
				MARKETING_VERSION = 1.0;
				PRODUCT_BUNDLE_IDENTIFIER = "com.twjamos.stripe-iap-demoTests";
				PRODUCT_NAME = "$(TARGET_NAME)";
				SWIFT_EMIT_LOC_STRINGS = NO;
				SWIFT_VERSION = 5.0;
				TARGETED_DEVICE_FAMILY = "1,2";
				TEST_HOST = "$(BUILT_PRODUCTS_DIR)/stripe-iap-demo.app/$(BUNDLE_EXECUTABLE_FOLDER_PATH)/stripe-iap-demo";
			};
			name = Release;
		};
		BEA1DB732DD4F487004A34FC /* Debug */ = {
			isa = XCBuildConfiguration;
			buildSettings = {
				CODE_SIGN_STYLE = Automatic;
				CURRENT_PROJECT_VERSION = 1;
				GENERATE_INFOPLIST_FILE = YES;
				MARKETING_VERSION = 1.0;
				PRODUCT_BUNDLE_IDENTIFIER = "com.twjamos.stripe-iap-demoUITests";
				PRODUCT_NAME = "$(TARGET_NAME)";
				SWIFT_EMIT_LOC_STRINGS = NO;
				SWIFT_VERSION = 5.0;
				TARGETED_DEVICE_FAMILY = "1,2";
				TEST_TARGET_NAME = "stripe-iap-demo";
			};
			name = Debug;
		};
		BEA1DB742DD4F487004A34FC /* Release */ = {
			isa = XCBuildConfiguration;
			buildSettings = {
				CODE_SIGN_STYLE = Automatic;
				CURRENT_PROJECT_VERSION = 1;
				GENERATE_INFOPLIST_FILE = YES;
				MARKETING_VERSION = 1.0;
				PRODUCT_BUNDLE_IDENTIFIER = "com.twjamos.stripe-iap-demoUITests";
				PRODUCT_NAME = "$(TARGET_NAME)";
				SWIFT_EMIT_LOC_STRINGS = NO;
				SWIFT_VERSION = 5.0;
				TARGETED_DEVICE_FAMILY = "1,2";
				TEST_TARGET_NAME = "stripe-iap-demo";
			};
			name = Release;
		};
/* End XCBuildConfiguration section */

/* Begin XCConfigurationList section */
		BEA1DB442DD4F484004A34FC /* Build configuration list for PBXProject "stripe-iap-demo" */ = {
			isa = XCConfigurationList;
			buildConfigurations = (
				BEA1DB6A2DD4F487004A34FC /* Debug */,
				BEA1DB6B2DD4F487004A34FC /* Release */,
			);
			defaultConfigurationIsVisible = 0;
			defaultConfigurationName = Release;
		};
		BEA1DB6C2DD4F487004A34FC /* Build configuration list for PBXNativeTarget "stripe-iap-demo" */ = {
			isa = XCConfigurationList;
			buildConfigurations = (
				BEA1DB6D2DD4F487004A34FC /* Debug */,
				BEA1DB6E2DD4F487004A34FC /* Release */,
			);
			defaultConfigurationIsVisible = 0;
			defaultConfigurationName = Release;
		};
		BEA1DB6F2DD4F487004A34FC /* Build configuration list for PBXNativeTarget "stripe-iap-demoTests" */ = {
			isa = XCConfigurationList;
			buildConfigurations = (
				BEA1DB702DD4F487004A34FC /* Debug */,
				BEA1DB712DD4F487004A34FC /* Release */,
			);
			defaultConfigurationIsVisible = 0;
			defaultConfigurationName = Release;
		};
		BEA1DB722DD4F487004A34FC /* Build configuration list for PBXNativeTarget "stripe-iap-demoUITests" */ = {
			isa = XCConfigurationList;
			buildConfigurations = (
				BEA1DB732DD4F487004A34FC /* Debug */,
				BEA1DB742DD4F487004A34FC /* Release */,
			);
			defaultConfigurationIsVisible = 0;
			defaultConfigurationName = Release;
		};
/* End XCConfigurationList section */
	};
	rootObject = BEA1DB412DD4F484004A34FC /* Project object */;
}
